
Microsoft Visual Studio Solution File, Format Version 12.00
# Visual Studio Version 16
VisualStudioVersion = 16.0.30611.23
MinimumVisualStudioVersion = 10.0.40219.1
Project("{FAE04EC0-301F-11D3-BF4B-00C04F79EFBC}") = "Uygulama1", "Uygulama1\Uygulama1.csproj", "{3EBA64A4-DD85-40BD-B4D7-33F86DD32D75}"
EndProject
Global
	GlobalSection(SolutionConfigurationPlatforms) = preSolution
		Debug|Any CPU = Debug|Any CPU
		Release|Any CPU = Release|Any CPU
	EndGlobalSection
	GlobalSection(ProjectConfigurationPlatforms) = postSolution
		{3EBA64A4-DD85-40BD-B4D7-33F86DD32D75}.Debug|Any CPU.ActiveCfg = Debug|Any CPU
		{3EBA64A4-DD85-40BD-B4D7-33F86DD32D75}.Debug|Any CPU.Build.0 = Debug|Any CPU
		{3EBA64A4-DD85-40BD-B4D7-33F86DD32D75}.Release|Any CPU.ActiveCfg = Release|Any CPU
		{3EBA64A4-DD85-40BD-B4D7-33F86DD32D75}.Release|Any CPU.Build.0 = Release|Any CPU
	EndGlobalSection
	GlobalSection(SolutionProperties) = preSolution
		HideSolutionNode = FALSE
	EndGlobalSection
	GlobalSection(ExtensibilityGlobals) = postSolution
		SolutionGuid = {988D8DDF-F124-4A5C-881E-357EBC1EC332}
	EndGlobalSection
EndGlobal
