
Microsoft Visual Studio Solution File, Format Version 12.00
# Visual Studio Version 16
VisualStudioVersion = 16.0.30611.23
MinimumVisualStudioVersion = 10.0.40219.1
Project("{FAE04EC0-301F-11D3-BF4B-00C04F79EFBC}") = "Uygulama2", "Uygulama2\Uygulama2.csproj", "{AB1CAA8C-0C2E-468E-9581-2190F2C67E88}"
EndProject
Global
	GlobalSection(SolutionConfigurationPlatforms) = preSolution
		Debug|Any CPU = Debug|Any CPU
		Release|Any CPU = Release|Any CPU
	EndGlobalSection
	GlobalSection(ProjectConfigurationPlatforms) = postSolution
		{AB1CAA8C-0C2E-468E-9581-2190F2C67E88}.Debug|Any CPU.ActiveCfg = Debug|Any CPU
		{AB1CAA8C-0C2E-468E-9581-2190F2C67E88}.Debug|Any CPU.Build.0 = Debug|Any CPU
		{AB1CAA8C-0C2E-468E-9581-2190F2C67E88}.Release|Any CPU.ActiveCfg = Release|Any CPU
		{AB1CAA8C-0C2E-468E-9581-2190F2C67E88}.Release|Any CPU.Build.0 = Release|Any CPU
	EndGlobalSection
	GlobalSection(SolutionProperties) = preSolution
		HideSolutionNode = FALSE
	EndGlobalSection
	GlobalSection(ExtensibilityGlobals) = postSolution
		SolutionGuid = {8419B3F9-8724-4B70-8B32-06442FFD38AA}
	EndGlobalSection
EndGlobal
