
Microsoft Visual Studio Solution File, Format Version 12.00
# Visual Studio Version 16
VisualStudioVersion = 16.0.30611.23
MinimumVisualStudioVersion = 10.0.40219.1
Project("{FAE04EC0-301F-11D3-BF4B-00C04F79EFBC}") = "Uygulama3", "Uygulama3\Uygulama3.csproj", "{1CDCD125-F833-493E-B81C-8965B2538472}"
EndProject
Global
	GlobalSection(SolutionConfigurationPlatforms) = preSolution
		Debug|Any CPU = Debug|Any CPU
		Release|Any CPU = Release|Any CPU
	EndGlobalSection
	GlobalSection(ProjectConfigurationPlatforms) = postSolution
		{1CDCD125-F833-493E-B81C-8965B2538472}.Debug|Any CPU.ActiveCfg = Debug|Any CPU
		{1CDCD125-F833-493E-B81C-8965B2538472}.Debug|Any CPU.Build.0 = Debug|Any CPU
		{1CDCD125-F833-493E-B81C-8965B2538472}.Release|Any CPU.ActiveCfg = Release|Any CPU
		{1CDCD125-F833-493E-B81C-8965B2538472}.Release|Any CPU.Build.0 = Release|Any CPU
	EndGlobalSection
	GlobalSection(SolutionProperties) = preSolution
		HideSolutionNode = FALSE
	EndGlobalSection
	GlobalSection(ExtensibilityGlobals) = postSolution
		SolutionGuid = {50EFCB5C-A746-40BA-BA18-71C122F88E39}
	EndGlobalSection
EndGlobal
